// !$*UTF8*$!
{
	archiveVersion = 1;
	classes = {
	};
	objectVersion = 48;
	objects = {

/* Begin PBXBuildFile section */
		65CCC8292076447300846D21 /* AppDelegate.swift in Sources */ = {isa = PBXBuildFile; fileRef = 65CCC8282076447300846D21 /* AppDelegate.swift */; };
		65CCC82B2076447300846D21 /* ViewController.swift in Sources */ = {isa = PBXBuildFile; fileRef = 65CCC82A2076447300846D21 /* ViewController.swift */; };
		65CCC82E2076447300846D21 /* Main.storyboard in Resources */ = {isa = PBXBuildFile; fileRef = 65CCC82C2076447300846D21 /* Main.storyboard */; };
		65CCC8302076447300846D21 /* Assets.xcassets in Resources */ = {isa = PBXBuildFile; fileRef = 65CCC82F2076447300846D21 /* Assets.xcassets */; };
		65CCC8332076447300846D21 /* LaunchScreen.storyboard in Resources */ = {isa = PBXBuildFile; fileRef = 65CCC8312076447300846D21 /* LaunchScreen.storyboard */; };
		65CCC83E2076447300846D21 /* APPTests.swift in Sources */ = {isa = PBXBuildFile; fileRef = 65CCC83D2076447300846D21 /* APPTests.swift */; };
		65CCC8492076447300846D21 /* APPUITests.swift in Sources */ = {isa = PBXBuildFile; fileRef = 65CCC8482076447300846D21 /* APPUITests.swift */; };
/* End PBXBuildFile section */

/* Begin PBXContainerItemProxy section */
		65CCC83A2076447300846D21 /* PBXContainerItemProxy */ = {
			isa = PBXContainerItemProxy;
			containerPortal = 65CCC81D2076447300846D21 /* Project object */;
			proxyType = 1;
			remoteGlobalIDString = 65CCC8242076447300846D21;
			remoteInfo = APP;
		};
		65CCC8452076447300846D21 /* PBXContainerItemProxy */ = {
			isa = PBXContainerItemProxy;
			containerPortal = 65CCC81D2076447300846D21 /* Project object */;
			proxyType = 1;
			remoteGlobalIDString = 65CCC8242076447300846D21;
			remoteInfo = APP;
		};
/* End PBXContainerItemProxy section */

/* Begin PBXFileReference section */
		65CCC8252076447300846D21 /* APP.app */ = {isa = PBXFileReference; explicitFileType = wrapper.application; includeInIndex = 0; path = APP.app; sourceTree = BUILT_PRODUCTS_DIR; };
		65CCC8282076447300846D21 /* AppDelegate.swift */ = {isa = PBXFileReference; lastKnownFileType = sourcecode.swift; path = AppDelegate.swift; sourceTree = "<group>"; };
		65CCC82A2076447300846D21 /* ViewController.swift */ = {isa = PBXFileReference; lastKnownFileType = sourcecode.swift; path = ViewController.swift; sourceTree = "<group>"; };
		65CCC82D2076447300846D21 /* Base */ = {isa = PBXFileReference; lastKnownFileType = file.storyboard; name = Base; path = Base.lproj/Main.storyboard; sourceTree = "<group>"; };
		65CCC82F2076447300846D21 /* Assets.xcassets */ = {isa = PBXFileReference; lastKnownFileType = folder.assetcatalog; path = Assets.xcassets; sourceTree = "<group>"; };
		65CCC8322076447300846D21 /* Base */ = {isa = PBXFileReference; lastKnownFileType = file.storyboard; name = Base; path = Base.lproj/LaunchScreen.storyboard; sourceTree = "<group>"; };
		65CCC8342076447300846D21 /* Info.plist */ = {isa = PBXFileReference; lastKnownFileType = text.plist.xml; path = Info.plist; sourceTree = "<group>"; };
		65CCC8392076447300846D21 /* APPTests.xctest */ = {isa = PBXFileReference; explicitFileType = wrapper.cfbundle; includeInIndex = 0; path = APPTests.xctest; sourceTree = BUILT_PRODUCTS_DIR; };
		65CCC83D2076447300846D21 /* APPTests.swift */ = {isa = PBXFileReference; lastKnownFileType = sourcecode.swift; path = APPTests.swift; sourceTree = "<group>"; };
		65CCC83F2076447300846D21 /* Info.plist */ = {isa = PBXFileReference; lastKnownFileType = text.plist.xml; path = Info.plist; sourceTree = "<group>"; };
		65CCC8442076447300846D21 /* APPUITests.xctest */ = {isa = PBXFileReference; explicitFileType = wrapper.cfbundle; includeInIndex = 0; path = APPUITests.xctest; sourceTree = BUILT_PRODUCTS_DIR; };
		65CCC8482076447300846D21 /* APPUITests.swift */ = {isa = PBXFileReference; lastKnownFileType = sourcecode.swift; path = APPUITests.swift; sourceTree = "<group>"; };
		65CCC84A2076447300846D21 /* Info.plist */ = {isa = PBXFileReference; lastKnownFileType = text.plist.xml; path = Info.plist; sourceTree = "<group>"; };
/* End PBXFileReference section */

/* Begin PBXFrameworksBuildPhase section */
		65CCC8222076447300846D21 /* Frameworks */ = {
			isa = PBXFrameworksBuildPhase;
			buildActionMask = 2147483647;
			files = (
			);
			runOnlyForDeploymentPostprocessing = 0;
		};
		65CCC8362076447300846D21 /* Frameworks */ = {
			isa = PBXFrameworksBuildPhase;
			buildActionMask = 2147483647;
			files = (
			);
			runOnlyForDeploymentPostprocessing = 0;
		};
		65CCC8412076447300846D21 /* Frameworks */ = {
			isa = PBXFrameworksBuildPhase;
			buildActionMask = 2147483647;
			files = (
			);
			runOnlyForDeploymentPostprocessing = 0;
		};
/* End PBXFrameworksBuildPhase section */

/* Begin PBXGroup section */
		65CCC81C2076447300846D21 = {
			isa = PBXGroup;
			children = (
				65CCC8272076447300846D21 /* APP */,
				65CCC83C2076447300846D21 /* APPTests */,
				65CCC8472076447300846D21 /* APPUITests */,
				65CCC8262076447300846D21 /* Products */,
			);
			sourceTree = "<group>";
		};
		65CCC8262076447300846D21 /* Products */ = {
			isa = PBXGroup;
			children = (
				65CCC8252076447300846D21 /* APP.app */,
				65CCC8392076447300846D21 /* APPTests.xctest */,
				65CCC8442076447300846D21 /* APPUITests.xctest */,
			);
			name = Products;
			sourceTree = "<group>";
		};
		65CCC8272076447300846D21 /* APP */ = {
			isa = PBXGroup;
			children = (
				65CCC8282076447300846D21 /* AppDelegate.swift */,
				65CCC82A2076447300846D21 /* ViewController.swift */,
				65CCC82C2076447300846D21 /* Main.storyboard */,
				65CCC82F2076447300846D21 /* Assets.xcassets */,
				65CCC8312076447300846D21 /* LaunchScreen.storyboard */,
				65CCC8342076447300846D21 /* Info.plist */,
			);
			path = APP;
			sourceTree = "<group>";
		};
		65CCC83C2076447300846D21 /* APPTests */ = {
			isa = PBXGroup;
			children = (
				65CCC83D2076447300846D21 /* APPTests.swift */,
				65CCC83F2076447300846D21 /* Info.plist */,
			);
			path = APPTests;
			sourceTree = "<group>";
		};
		65CCC8472076447300846D21 /* APPUITests */ = {
			isa = PBXGroup;
			children = (
				65CCC8482076447300846D21 /* APPUITests.swift */,
				65CCC84A2076447300846D21 /* Info.plist */,
			);
			path = APPUITests;
			sourceTree = "<group>";
		};
/* End PBXGroup section */

/* Begin PBXNativeTarget section */
		65CCC8242076447300846D21 /* APP */ = {
			isa = PBXNativeTarget;
			buildConfigurationList = 65CCC84D2076447300846D21 /* Build configuration list for PBXNativeTarget "APP" */;
			buildPhases = (
				65CCC8212076447300846D21 /* Sources */,
				65CCC8222076447300846D21 /* Frameworks */,
				65CCC8232076447300846D21 /* Resources */,
			);
			buildRules = (
			);
			dependencies = (
			);
			name = APP;
			productName = APP;
			productReference = 65CCC8252076447300846D21 /* APP.app */;
			productType = "com.apple.product-type.application";
		};
		65CCC8382076447300846D21 /* APPTests */ = {
			isa = PBXNativeTarget;
			buildConfigurationList = 65CCC8502076447300846D21 /* Build configuration list for PBXNativeTarget "APPTests" */;
			buildPhases = (
				65CCC8352076447300846D21 /* Sources */,
				65CCC8362076447300846D21 /* Frameworks */,
				65CCC8372076447300846D21 /* Resources */,
			);
			buildRules = (
			);
			dependencies = (
				65CCC83B2076447300846D21 /* PBXTargetDependency */,
			);
			name = APPTests;
			productName = APPTests;
			productReference = 65CCC8392076447300846D21 /* APPTests.xctest */;
			productType = "com.apple.product-type.bundle.unit-test";
		};
		65CCC8432076447300846D21 /* APPUITests */ = {
			isa = PBXNativeTarget;
			buildConfigurationList = 65CCC8532076447300846D21 /* Build configuration list for PBXNativeTarget "APPUITests" */;
			buildPhases = (
				65CCC8402076447300846D21 /* Sources */,
				65CCC8412076447300846D21 /* Frameworks */,
				65CCC8422076447300846D21 /* Resources */,
			);
			buildRules = (
			);
			dependencies = (
				65CCC8462076447300846D21 /* PBXTargetDependency */,
			);
			name = APPUITests;
			productName = APPUITests;
			productReference = 65CCC8442076447300846D21 /* APPUITests.xctest */;
			productType = "com.apple.product-type.bundle.ui-testing";
		};
/* End PBXNativeTarget section */

/* Begin PBXProject section */
		65CCC81D2076447300846D21 /* Project object */ = {
			isa = PBXProject;
			attributes = {
				LastSwiftUpdateCheck = 0920;
				LastUpgradeCheck = 0920;
				ORGANIZATIONNAME = Pasha;
				TargetAttributes = {
					65CCC8242076447300846D21 = {
						CreatedOnToolsVersion = 9.2;
						ProvisioningStyle = Automatic;
					};
					65CCC8382076447300846D21 = {
						CreatedOnToolsVersion = 9.2;
						ProvisioningStyle = Automatic;
						TestTargetID = 65CCC8242076447300846D21;
					};
					65CCC8432076447300846D21 = {
						CreatedOnToolsVersion = 9.2;
						ProvisioningStyle = Automatic;
						TestTargetID = 65CCC8242076447300846D21;
					};
				};
			};
			buildConfigurationList = 65CCC8202076447300846D21 /* Build configuration list for PBXProject "APP" */;
			compatibilityVersion = "Xcode 8.0";
			developmentRegion = en;
			hasScannedForEncodings = 0;
			knownRegions = (
				en,
				Base,
			);
			mainGroup = 65CCC81C2076447300846D21;
			productRefGroup = 65CCC8262076447300846D21 /* Products */;
			projectDirPath = "";
			projectRoot = "";
			targets = (
				65CCC8242076447300846D21 /* APP */,
				65CCC8382076447300846D21 /* APPTests */,
				65CCC8432076447300846D21 /* APPUITests */,
			);
		};
/* End PBXProject section */

/* Begin PBXResourcesBuildPhase section */
		65CCC8232076447300846D21 /* Resources */ = {
			isa = PBXResourcesBuildPhase;
			buildActionMask = 2147483647;
			files = (
				65CCC8332076447300846D21 /* LaunchScreen.storyboard in Resources */,
				65CCC8302076447300846D21 /* Assets.xcassets in Resources */,
				65CCC82E2076447300846D21 /* Main.storyboard in Resources */,
			);
			runOnlyForDeploymentPostprocessing = 0;
		};
		65CCC8372076447300846D21 /* Resources */ = {
			isa = PBXResourcesBuildPhase;
			buildActionMask = 2147483647;
			files = (
			);
			runOnlyForDeploymentPostprocessing = 0;
		};
		65CCC8422076447300846D21 /* Resources */ = {
			isa = PBXResourcesBuildPhase;
			buildActionMask = 2147483647;
			files = (
			);
			runOnlyForDeploymentPostprocessing = 0;
		};
/* End PBXResourcesBuildPhase section */

/* Begin PBXSourcesBuildPhase section */
		65CCC8212076447300846D21 /* Sources */ = {
			isa = PBXSourcesBuildPhase;
			buildActionMask = 2147483647;
			files = (
				65CCC82B2076447300846D21 /* ViewController.swift in Sources */,
				65CCC8292076447300846D21 /* AppDelegate.swift in Sources */,
			);
			runOnlyForDeploymentPostprocessing = 0;
		};
		65CCC8352076447300846D21 /* Sources */ = {
			isa = PBXSourcesBuildPhase;
			buildActionMask = 2147483647;
			files = (
				65CCC83E2076447300846D21 /* APPTests.swift in Sources */,
			);
			runOnlyForDeploymentPostprocessing = 0;
		};
		65CCC8402076447300846D21 /* Sources */ = {
			isa = PBXSourcesBuildPhase;
			buildActionMask = 2147483647;
			files = (
				65CCC8492076447300846D21 /* APPUITests.swift in Sources */,
			);
			runOnlyForDeploymentPostprocessing = 0;
		};
/* End PBXSourcesBuildPhase section */

/* Begin PBXTargetDependency section */
		65CCC83B2076447300846D21 /* PBXTargetDependency */ = {
			isa = PBXTargetDependency;
			target = 65CCC8242076447300846D21 /* APP */;
			targetProxy = 65CCC83A2076447300846D21 /* PBXContainerItemProxy */;
		};
		65CCC8462076447300846D21 /* PBXTargetDependency */ = {
			isa = PBXTargetDependency;
			target = 65CCC8242076447300846D21 /* APP */;
			targetProxy = 65CCC8452076447300846D21 /* PBXContainerItemProxy */;
		};
/* End PBXTargetDependency section */

/* Begin PBXVariantGroup section */
		65CCC82C2076447300846D21 /* Main.storyboard */ = {
			isa = PBXVariantGroup;
			children = (
				65CCC82D2076447300846D21 /* Base */,
			);
			name = Main.storyboard;
			sourceTree = "<group>";
		};
		65CCC8312076447300846D21 /* LaunchScreen.storyboard */ = {
			isa = PBXVariantGroup;
			children = (
				65CCC8322076447300846D21 /* Base */,
			);
			name = LaunchScreen.storyboard;
			sourceTree = "<group>";
		};
/* End PBXVariantGroup section */

/* Begin XCBuildConfiguration section */
		65CCC84B2076447300846D21 /* Debug */ = {
			isa = XCBuildConfiguration;
			buildSettings = {
				ALWAYS_SEARCH_USER_PATHS = NO;
				CLANG_ANALYZER_NONNULL = YES;
				CLANG_ANALYZER_NUMBER_OBJECT_CONVERSION = YES_AGGRESSIVE;
				CLANG_CXX_LANGUAGE_STANDARD = "gnu++14";
				CLANG_CXX_LIBRARY = "libc++";
				CLANG_ENABLE_MODULES = YES;
				CLANG_ENABLE_OBJC_ARC = YES;
				CLANG_WARN_BLOCK_CAPTURE_AUTORELEASING = YES;
				CLANG_WARN_BOOL_CONVERSION = YES;
				CLANG_WARN_COMMA = YES;
				CLANG_WARN_CONSTANT_CONVERSION = YES;
				CLANG_WARN_DIRECT_OBJC_ISA_USAGE = YES_ERROR;
				CLANG_WARN_DOCUMENTATION_COMMENTS = YES;
				CLANG_WARN_EMPTY_BODY = YES;
				CLANG_WARN_ENUM_CONVERSION = YES;
				CLANG_WARN_INFINITE_RECURSION = YES;
				CLANG_WARN_INT_CONVERSION = YES;
				CLANG_WARN_NON_LITERAL_NULL_CONVERSION = YES;
				CLANG_WARN_OBJC_LITERAL_CONVERSION = YES;
				CLANG_WARN_OBJC_ROOT_CLASS = YES_ERROR;
				CLANG_WARN_RANGE_LOOP_ANALYSIS = YES;
				CLANG_WARN_STRICT_PROTOTYPES = YES;
				CLANG_WARN_SUSPICIOUS_MOVE = YES;
				CLANG_WARN_UNGUARDED_AVAILABILITY = YES_AGGRESSIVE;
				CLANG_WARN_UNREACHABLE_CODE = YES;
				CLANG_WARN__DUPLICATE_METHOD_MATCH = YES;
				CODE_SIGN_IDENTITY = "iPhone Developer";
				COPY_PHASE_STRIP = NO;
				DEBUG_INFORMATION_FORMAT = dwarf;
				ENABLE_STRICT_OBJC_MSGSEND = YES;
				ENABLE_TESTABILITY = YES;
				GCC_C_LANGUAGE_STANDARD = gnu11;
				GCC_DYNAMIC_NO_PIC = NO;
				GCC_NO_COMMON_BLOCKS = YES;
				GCC_OPTIMIZATION_LEVEL = 0;
				GCC_PREPROCESSOR_DEFINITIONS = (
					"DEBUG=1",
					"$(inherited)",
				);
				GCC_WARN_64_TO_32_BIT_CONVERSION = YES;
				GCC_WARN_ABOUT_RETURN_TYPE = YES_ERROR;
				GCC_WARN_UNDECLARED_SELECTOR = YES;
				GCC_WARN_UNINITIALIZED_AUTOS = YES_AGGRESSIVE;
				GCC_WARN_UNUSED_FUNCTION = YES;
				GCC_WARN_UNUSED_VARIABLE = YES;
				IPHONEOS_DEPLOYMENT_TARGET = 11.2;
				MTL_ENABLE_DEBUG_INFO = YES;
				ONLY_ACTIVE_ARCH = YES;
				SDKROOT = iphoneos;
				SWIFT_ACTIVE_COMPILATION_CONDITIONS = DEBUG;
				SWIFT_OPTIMIZATION_LEVEL = "-Onone";
			};
			name = Debug;
		};
		65CCC84C2076447300846D21 /* Release */ = {
			isa = XCBuildConfiguration;
			buildSettings = {
				ALWAYS_SEARCH_USER_PATHS = NO;
				CLANG_ANALYZER_NONNULL = YES;
				CLANG_ANALYZER_NUMBER_OBJECT_CONVERSION = YES_AGGRESSIVE;
				CLANG_CXX_LANGUAGE_STANDARD = "gnu++14";
				CLANG_CXX_LIBRARY = "libc++";
				CLANG_ENABLE_MODULES = YES;
				CLANG_ENABLE_OBJC_ARC = YES;
				CLANG_WARN_BLOCK_CAPTURE_AUTORELEASING = YES;
				CLANG_WARN_BOOL_CONVERSION = YES;
				CLANG_WARN_COMMA = YES;
				CLANG_WARN_CONSTANT_CONVERSION = YES;
				CLANG_WARN_DIRECT_OBJC_ISA_USAGE = YES_ERROR;
				CLANG_WARN_DOCUMENTATION_COMMENTS = YES;
				CLANG_WARN_EMPTY_BODY = YES;
				CLANG_WARN_ENUM_CONVERSION = YES;
				CLANG_WARN_INFINITE_RECURSION = YES;
				CLANG_WARN_INT_CONVERSION = YES;
				CLANG_WARN_NON_LITERAL_NULL_CONVERSION = YES;
				CLANG_WARN_OBJC_LITERAL_CONVERSION = YES;
				CLANG_WARN_OBJC_ROOT_CLASS = YES_ERROR;
				CLANG_WARN_RANGE_LOOP_ANALYSIS = YES;
				CLANG_WARN_STRICT_PROTOTYPES = YES;
				CLANG_WARN_SUSPICIOUS_MOVE = YES;
				CLANG_WARN_UNGUARDED_AVAILABILITY = YES_AGGRESSIVE;
				CLANG_WARN_UNREACHABLE_CODE = YES;
				CLANG_WARN__DUPLICATE_METHOD_MATCH = YES;
				CODE_SIGN_IDENTITY = "iPhone Developer";
				COPY_PHASE_STRIP = NO;
				DEBUG_INFORMATION_FORMAT = "dwarf-with-dsym";
				ENABLE_NS_ASSERTIONS = NO;
				ENABLE_STRICT_OBJC_MSGSEND = YES;
				GCC_C_LANGUAGE_STANDARD = gnu11;
				GCC_NO_COMMON_BLOCKS = YES;
				GCC_WARN_64_TO_32_BIT_CONVERSION = YES;
				GCC_WARN_ABOUT_RETURN_TYPE = YES_ERROR;
				GCC_WARN_UNDECLARED_SELECTOR = YES;
				GCC_WARN_UNINITIALIZED_AUTOS = YES_AGGRESSIVE;
				GCC_WARN_UNUSED_FUNCTION = YES;
				GCC_WARN_UNUSED_VARIABLE = YES;
				IPHONEOS_DEPLOYMENT_TARGET = 11.2;
				MTL_ENABLE_DEBUG_INFO = NO;
				SDKROOT = iphoneos;
				SWIFT_OPTIMIZATION_LEVEL = "-Owholemodule";
				VALIDATE_PRODUCT = YES;
			};
			name = Release;
		};
		65CCC84E2076447300846D21 /* Debug */ = {
			isa = XCBuildConfiguration;
			buildSettings = {
				ASSETCATALOG_COMPILER_APPICON_NAME = AppIcon;
				CODE_SIGN_STYLE = Automatic;
				INFOPLIST_FILE = APP/Info.plist;
				LD_RUNPATH_SEARCH_PATHS = "$(inherited) @executable_path/Frameworks";
				PRODUCT_BUNDLE_IDENTIFIER = mycompany.APP;
				PRODUCT_NAME = "$(TARGET_NAME)";
				SWIFT_VERSION = 4.0;
				TARGETED_DEVICE_FAMILY = "1,2";
			};
			name = Debug;
		};
		65CCC84F2076447300846D21 /* Release */ = {
			isa = XCBuildConfiguration;
			buildSettings = {
				ASSETCATALOG_COMPILER_APPICON_NAME = AppIcon;
				CODE_SIGN_STYLE = Automatic;
				INFOPLIST_FILE = APP/Info.plist;
				LD_RUNPATH_SEARCH_PATHS = "$(inherited) @executable_path/Frameworks";
				PRODUCT_BUNDLE_IDENTIFIER = mycompany.APP;
				PRODUCT_NAME = "$(TARGET_NAME)";
				SWIFT_VERSION = 4.0;
				TARGETED_DEVICE_FAMILY = "1,2";
			};
			name = Release;
		};
		65CCC8512076447300846D21 /* Debug */ = {
			isa = XCBuildConfiguration;
			buildSettings = {
				ALWAYS_EMBED_SWIFT_STANDARD_LIBRARIES = YES;
				BUNDLE_LOADER = "$(TEST_HOST)";
				CODE_SIGN_STYLE = Automatic;
				INFOPLIST_FILE = APPTests/Info.plist;
				LD_RUNPATH_SEARCH_PATHS = "$(inherited) @executable_path/Frameworks @loader_path/Frameworks";
				PRODUCT_BUNDLE_IDENTIFIER = mycompany.APPTests;
				PRODUCT_NAME = "$(TARGET_NAME)";
				SWIFT_VERSION = 4.0;
				TARGETED_DEVICE_FAMILY = "1,2";
				TEST_HOST = "$(BUILT_PRODUCTS_DIR)/APP.app/APP";
			};
			name = Debug;
		};
		65CCC8522076447300846D21 /* Release */ = {
			isa = XCBuildConfiguration;
			buildSettings = {
				ALWAYS_EMBED_SWIFT_STANDARD_LIBRARIES = YES;
				BUNDLE_LOADER = "$(TEST_HOST)";
				CODE_SIGN_STYLE = Automatic;
				INFOPLIST_FILE = APPTests/Info.plist;
				LD_RUNPATH_SEARCH_PATHS = "$(inherited) @executable_path/Frameworks @loader_path/Frameworks";
				PRODUCT_BUNDLE_IDENTIFIER = mycompany.APPTests;
				PRODUCT_NAME = "$(TARGET_NAME)";
				SWIFT_VERSION = 4.0;
				TARGETED_DEVICE_FAMILY = "1,2";
				TEST_HOST = "$(BUILT_PRODUCTS_DIR)/APP.app/APP";
			};
			name = Release;
		};
		65CCC8542076447300846D21 /* Debug */ = {
			isa = XCBuildConfiguration;
			buildSettings = {
				ALWAYS_EMBED_SWIFT_STANDARD_LIBRARIES = YES;
				CODE_SIGN_STYLE = Automatic;
				INFOPLIST_FILE = APPUITests/Info.plist;
				LD_RUNPATH_SEARCH_PATHS = "$(inherited) @executable_path/Frameworks @loader_path/Frameworks";
				PRODUCT_BUNDLE_IDENTIFIER = mycompany.APPUITests;
				PRODUCT_NAME = "$(TARGET_NAME)";
				SWIFT_VERSION = 4.0;
				TARGETED_DEVICE_FAMILY = "1,2";
				TEST_TARGET_NAME = APP;
			};
			name = Debug;
		};
		65CCC8552076447300846D21 /* Release */ = {
			isa = XCBuildConfiguration;
			buildSettings = {
				ALWAYS_EMBED_SWIFT_STANDARD_LIBRARIES = YES;
				CODE_SIGN_STYLE = Automatic;
				INFOPLIST_FILE = APPUITests/Info.plist;
				LD_RUNPATH_SEARCH_PATHS = "$(inherited) @executable_path/Frameworks @loader_path/Frameworks";
				PRODUCT_BUNDLE_IDENTIFIER = mycompany.APPUITests;
				PRODUCT_NAME = "$(TARGET_NAME)";
				SWIFT_VERSION = 4.0;
				TARGETED_DEVICE_FAMILY = "1,2";
				TEST_TARGET_NAME = APP;
			};
			name = Release;
		};
/* End XCBuildConfiguration section */

/* Begin XCConfigurationList section */
		65CCC8202076447300846D21 /* Build configuration list for PBXProject "APP" */ = {
			isa = XCConfigurationList;
			buildConfigurations = (
				65CCC84B2076447300846D21 /* Debug */,
				65CCC84C2076447300846D21 /* Release */,
			);
			defaultConfigurationIsVisible = 0;
			defaultConfigurationName = Release;
		};
		65CCC84D2076447300846D21 /* Build configuration list for PBXNativeTarget "APP" */ = {
			isa = XCConfigurationList;
			buildConfigurations = (
				65CCC84E2076447300846D21 /* Debug */,
				65CCC84F2076447300846D21 /* Release */,
			);
			defaultConfigurationIsVisible = 0;
			defaultConfigurationName = Release;
		};
		65CCC8502076447300846D21 /* Build configuration list for PBXNativeTarget "APPTests" */ = {
			isa = XCConfigurationList;
			buildConfigurations = (
				65CCC8512076447300846D21 /* Debug */,
				65CCC8522076447300846D21 /* Release */,
			);
			defaultConfigurationIsVisible = 0;
			defaultConfigurationName = Release;
		};
		65CCC8532076447300846D21 /* Build configuration list for PBXNativeTarget "APPUITests" */ = {
			isa = XCConfigurationList;
			buildConfigurations = (
				65CCC8542076447300846D21 /* Debug */,
				65CCC8552076447300846D21 /* Release */,
			);
			defaultConfigurationIsVisible = 0;
			defaultConfigurationName = Release;
		};
/* End XCConfigurationList section */
	};
	rootObject = 65CCC81D2076447300846D21 /* Project object */;
}
